
Microsoft Visual Studio Solution File, Format Version 12.00
# Visual Studio Version 16
VisualStudioVersion = 16.0.31702.278
MinimumVisualStudioVersion = 10.0.40219.1
Project("{FAE04EC0-301F-11D3-BF4B-00C04F79EFBC}") = "Mars", "Mars.csproj", "{7FE1B902-4F6B-4AAF-8EB1-0057216662DE}"
EndProject
Global
	GlobalSection(SolutionConfigurationPlatforms) = preSolution
		Debug|Any CPU = Debug|Any CPU
		Release|Any CPU = Release|Any CPU
	EndGlobalSection
	GlobalSection(ProjectConfigurationPlatforms) = postSolution
		{7FE1B902-4F6B-4AAF-8EB1-0057216662DE}.Debug|Any CPU.ActiveCfg = Debug|Any CPU
		{7FE1B902-4F6B-4AAF-8EB1-0057216662DE}.Debug|Any CPU.Build.0 = Debug|Any CPU
		{7FE1B902-4F6B-4AAF-8EB1-0057216662DE}.Release|Any CPU.ActiveCfg = Release|Any CPU
		{7FE1B902-4F6B-4AAF-8EB1-0057216662DE}.Release|Any CPU.Build.0 = Release|Any CPU
	EndGlobalSection
	GlobalSection(SolutionProperties) = preSolution
		HideSolutionNode = FALSE
	EndGlobalSection
	GlobalSection(ExtensibilityGlobals) = postSolution
		SolutionGuid = {7CC12B11-E133-439A-9FD9-E5FDAE8DBE38}
	EndGlobalSection
EndGlobal
